
Microsoft Visual Studio Solution File, Format Version 12.00
# Visual Studio 14
VisualStudioVersion = 14.0.25420.1
MinimumVisualStudioVersion = 10.0.40219.1
Project("{FAE04EC0-301F-11D3-BF4B-00C04F79EFBC}") = "SpecsByExample", "SpecsByExample\SpecsByExample.csproj", "{2F28E21C-CCD8-4878-A72B-D023D0F261F8}"
EndProject
Project("{FAE04EC0-301F-11D3-BF4B-00C04F79EFBC}") = "RpnCalculator", "RpnCalculator\RpnCalculator.csproj", "{C715C7CE-CEA7-4A40-A5CD-5A054A9A0759}"
EndProject
Project("{FAE04EC0-301F-11D3-BF4B-00C04F79EFBC}") = "RpnCalculatorTest", "RpnCalculatorTest\RpnCalculatorTest.csproj", "{8785DF27-FAA8-4E79-B58C-FF0A4ECF4E4E}"
EndProject
Global
	GlobalSection(SolutionConfigurationPlatforms) = preSolution
		Debug|Any CPU = Debug|Any CPU
		Release|Any CPU = Release|Any CPU
	EndGlobalSection
	GlobalSection(ProjectConfigurationPlatforms) = postSolution
		{2F28E21C-CCD8-4878-A72B-D023D0F261F8}.Debug|Any CPU.ActiveCfg = Debug|Any CPU
		{2F28E21C-CCD8-4878-A72B-D023D0F261F8}.Debug|Any CPU.Build.0 = Debug|Any CPU
		{2F28E21C-CCD8-4878-A72B-D023D0F261F8}.Release|Any CPU.ActiveCfg = Release|Any CPU
		{2F28E21C-CCD8-4878-A72B-D023D0F261F8}.Release|Any CPU.Build.0 = Release|Any CPU
		{C715C7CE-CEA7-4A40-A5CD-5A054A9A0759}.Debug|Any CPU.ActiveCfg = Debug|Any CPU
		{C715C7CE-CEA7-4A40-A5CD-5A054A9A0759}.Debug|Any CPU.Build.0 = Debug|Any CPU
		{C715C7CE-CEA7-4A40-A5CD-5A054A9A0759}.Release|Any CPU.ActiveCfg = Release|Any CPU
		{C715C7CE-CEA7-4A40-A5CD-5A054A9A0759}.Release|Any CPU.Build.0 = Release|Any CPU
		{8785DF27-FAA8-4E79-B58C-FF0A4ECF4E4E}.Debug|Any CPU.ActiveCfg = Debug|Any CPU
		{8785DF27-FAA8-4E79-B58C-FF0A4ECF4E4E}.Debug|Any CPU.Build.0 = Debug|Any CPU
		{8785DF27-FAA8-4E79-B58C-FF0A4ECF4E4E}.Release|Any CPU.ActiveCfg = Release|Any CPU
		{8785DF27-FAA8-4E79-B58C-FF0A4ECF4E4E}.Release|Any CPU.Build.0 = Release|Any CPU
	EndGlobalSection
	GlobalSection(SolutionProperties) = preSolution
		HideSolutionNode = FALSE
	EndGlobalSection
EndGlobal
